
Microsoft Visual Studio Solution File, Format Version 11.00
# Visual C# Express 2010
Project("{FAE04EC0-301F-11D3-BF4B-00C04F79EFBC}") = "rp1210", "rp1210.csproj", "{2987121A-4625-47BD-9334-C09122C8E722}"
EndProject
Global
	GlobalSection(SolutionConfigurationPlatforms) = preSolution
		Debug|Any CPU = Debug|Any CPU
		Release|Any CPU = Release|Any CPU
	EndGlobalSection
	GlobalSection(ProjectConfigurationPlatforms) = postSolution
		{2987121A-4625-47BD-9334-C09122C8E722}.Debug|Any CPU.ActiveCfg = Debug|Any CPU
		{2987121A-4625-47BD-9334-C09122C8E722}.Debug|Any CPU.Build.0 = Debug|Any CPU
		{2987121A-4625-47BD-9334-C09122C8E722}.Release|Any CPU.ActiveCfg = Release|Any CPU
		{2987121A-4625-47BD-9334-C09122C8E722}.Release|Any CPU.Build.0 = Release|Any CPU
	EndGlobalSection
	GlobalSection(SolutionProperties) = preSolution
		HideSolutionNode = FALSE
	EndGlobalSection
EndGlobal
